// !$*UTF8*$!
{
	archiveVersion = 1;
	classes = {
	};
	objectVersion = 48;
	objects = {

/* Begin PBXBuildFile section */
		B56580E52082EDF40062B7DB /* AppDelegate.swift in Sources */ = {isa = PBXBuildFile; fileRef = B56580E42082EDF40062B7DB /* AppDelegate.swift */; };
		B56580E72082EDF40062B7DB /* ViewController.swift in Sources */ = {isa = PBXBuildFile; fileRef = B56580E62082EDF40062B7DB /* ViewController.swift */; };
		B56580EA2082EDF50062B7DB /* Main.storyboard in Resources */ = {isa = PBXBuildFile; fileRef = B56580E82082EDF50062B7DB /* Main.storyboard */; };
		B56580EC2082EDF50062B7DB /* Assets.xcassets in Resources */ = {isa = PBXBuildFile; fileRef = B56580EB2082EDF50062B7DB /* Assets.xcassets */; };
		B56580EF2082EDF50062B7DB /* LaunchScreen.storyboard in Resources */ = {isa = PBXBuildFile; fileRef = B56580ED2082EDF50062B7DB /* LaunchScreen.storyboard */; };
		B56580F72082FC770062B7DB /* CustonAnnotation.swift in Sources */ = {isa = PBXBuildFile; fileRef = B56580F62082FC770062B7DB /* CustonAnnotation.swift */; };
/* End PBXBuildFile section */

/* Begin PBXFileReference section */
		B56580E12082EDF40062B7DB /* testMap.app */ = {isa = PBXFileReference; explicitFileType = wrapper.application; includeInIndex = 0; path = testMap.app; sourceTree = BUILT_PRODUCTS_DIR; };
		B56580E42082EDF40062B7DB /* AppDelegate.swift */ = {isa = PBXFileReference; lastKnownFileType = sourcecode.swift; path = AppDelegate.swift; sourceTree = "<group>"; };
		B56580E62082EDF40062B7DB /* ViewController.swift */ = {isa = PBXFileReference; lastKnownFileType = sourcecode.swift; path = ViewController.swift; sourceTree = "<group>"; };
		B56580E92082EDF50062B7DB /* Base */ = {isa = PBXFileReference; lastKnownFileType = file.storyboard; name = Base; path = Base.lproj/Main.storyboard; sourceTree = "<group>"; };
		B56580EB2082EDF50062B7DB /* Assets.xcassets */ = {isa = PBXFileReference; lastKnownFileType = folder.assetcatalog; path = Assets.xcassets; sourceTree = "<group>"; };
		B56580EE2082EDF50062B7DB /* Base */ = {isa = PBXFileReference; lastKnownFileType = file.storyboard; name = Base; path = Base.lproj/LaunchScreen.storyboard; sourceTree = "<group>"; };
		B56580F02082EDF50062B7DB /* Info.plist */ = {isa = PBXFileReference; lastKnownFileType = text.plist.xml; path = Info.plist; sourceTree = "<group>"; };
		B56580F62082FC770062B7DB /* CustonAnnotation.swift */ = {isa = PBXFileReference; lastKnownFileType = sourcecode.swift; path = CustonAnnotation.swift; sourceTree = "<group>"; };
/* End PBXFileReference section */

/* Begin PBXFrameworksBuildPhase section */
		B56580DE2082EDF40062B7DB /* Frameworks */ = {
			isa = PBXFrameworksBuildPhase;
			buildActionMask = 2147483647;
			files = (
			);
			runOnlyForDeploymentPostprocessing = 0;
		};
/* End PBXFrameworksBuildPhase section */

/* Begin PBXGroup section */
		B56580D82082EDF40062B7DB = {
			isa = PBXGroup;
			children = (
				B56580E32082EDF40062B7DB /* testMap */,
				B56580E22082EDF40062B7DB /* Products */,
			);
			sourceTree = "<group>";
		};
		B56580E22082EDF40062B7DB /* Products */ = {
			isa = PBXGroup;
			children = (
				B56580E12082EDF40062B7DB /* testMap.app */,
			);
			name = Products;
			sourceTree = "<group>";
		};
		B56580E32082EDF40062B7DB /* testMap */ = {
			isa = PBXGroup;
			children = (
				B56580E42082EDF40062B7DB /* AppDelegate.swift */,
				B56580F62082FC770062B7DB /* CustonAnnotation.swift */,
				B56580E62082EDF40062B7DB /* ViewController.swift */,
				B56580E82082EDF50062B7DB /* Main.storyboard */,
				B56580EB2082EDF50062B7DB /* Assets.xcassets */,
				B56580ED2082EDF50062B7DB /* LaunchScreen.storyboard */,
				B56580F02082EDF50062B7DB /* Info.plist */,
			);
			path = testMap;
			sourceTree = "<group>";
		};
/* End PBXGroup section */

/* Begin PBXNativeTarget section */
		B56580E02082EDF40062B7DB /* testMap */ = {
			isa = PBXNativeTarget;
			buildConfigurationList = B56580F32082EDF50062B7DB /* Build configuration list for PBXNativeTarget "testMap" */;
			buildPhases = (
				B56580DD2082EDF40062B7DB /* Sources */,
				B56580DE2082EDF40062B7DB /* Frameworks */,
				B56580DF2082EDF40062B7DB /* Resources */,
			);
			buildRules = (
			);
			dependencies = (
			);
			name = testMap;
			productName = testMap;
			productReference = B56580E12082EDF40062B7DB /* testMap.app */;
			productType = "com.apple.product-type.application";
		};
/* End PBXNativeTarget section */

/* Begin PBXProject section */
		B56580D92082EDF40062B7DB /* Project object */ = {
			isa = PBXProject;
			attributes = {
				LastSwiftUpdateCheck = 0920;
				LastUpgradeCheck = 0920;
				ORGANIZATIONNAME = "鄭雅方";
				TargetAttributes = {
					B56580E02082EDF40062B7DB = {
						CreatedOnToolsVersion = 9.2;
						ProvisioningStyle = Automatic;
					};
				};
			};
			buildConfigurationList = B56580DC2082EDF40062B7DB /* Build configuration list for PBXProject "testMap" */;
			compatibilityVersion = "Xcode 8.0";
			developmentRegion = en;
			hasScannedForEncodings = 0;
			knownRegions = (
				en,
				Base,
			);
			mainGroup = B56580D82082EDF40062B7DB;
			productRefGroup = B56580E22082EDF40062B7DB /* Products */;
			projectDirPath = "";
			projectRoot = "";
			targets = (
				B56580E02082EDF40062B7DB /* testMap */,
			);
		};
/* End PBXProject section */

/* Begin PBXResourcesBuildPhase section */
		B56580DF2082EDF40062B7DB /* Resources */ = {
			isa = PBXResourcesBuildPhase;
			buildActionMask = 2147483647;
			files = (
				B56580EF2082EDF50062B7DB /* LaunchScreen.storyboard in Resources */,
				B56580EC2082EDF50062B7DB /* Assets.xcassets in Resources */,
				B56580EA2082EDF50062B7DB /* Main.storyboard in Resources */,
			);
			runOnlyForDeploymentPostprocessing = 0;
		};
/* End PBXResourcesBuildPhase section */

/* Begin PBXSourcesBuildPhase section */
		B56580DD2082EDF40062B7DB /* Sources */ = {
			isa = PBXSourcesBuildPhase;
			buildActionMask = 2147483647;
			files = (
				B56580E72082EDF40062B7DB /* ViewController.swift in Sources */,
				B56580E52082EDF40062B7DB /* AppDelegate.swift in Sources */,
				B56580F72082FC770062B7DB /* CustonAnnotation.swift in Sources */,
			);
			runOnlyForDeploymentPostprocessing = 0;
		};
/* End PBXSourcesBuildPhase section */

/* Begin PBXVariantGroup section */
		B56580E82082EDF50062B7DB /* Main.storyboard */ = {
			isa = PBXVariantGroup;
			children = (
				B56580E92082EDF50062B7DB /* Base */,
			);
			name = Main.storyboard;
			sourceTree = "<group>";
		};
		B56580ED2082EDF50062B7DB /* LaunchScreen.storyboard */ = {
			isa = PBXVariantGroup;
			children = (
				B56580EE2082EDF50062B7DB /* Base */,
			);
			name = LaunchScreen.storyboard;
			sourceTree = "<group>";
		};
/* End PBXVariantGroup section */

/* Begin XCBuildConfiguration section */
		B56580F12082EDF50062B7DB /* Debug */ = {
			isa = XCBuildConfiguration;
			buildSettings = {
				ALWAYS_SEARCH_USER_PATHS = NO;
				CLANG_ANALYZER_NONNULL = YES;
				CLANG_ANALYZER_NUMBER_OBJECT_CONVERSION = YES_AGGRESSIVE;
				CLANG_CXX_LANGUAGE_STANDARD = "gnu++14";
				CLANG_CXX_LIBRARY = "libc++";
				CLANG_ENABLE_MODULES = YES;
				CLANG_ENABLE_OBJC_ARC = YES;
				CLANG_WARN_BLOCK_CAPTURE_AUTORELEASING = YES;
				CLANG_WARN_BOOL_CONVERSION = YES;
				CLANG_WARN_COMMA = YES;
				CLANG_WARN_CONSTANT_CONVERSION = YES;
				CLANG_WARN_DIRECT_OBJC_ISA_USAGE = YES_ERROR;
				CLANG_WARN_DOCUMENTATION_COMMENTS = YES;
				CLANG_WARN_EMPTY_BODY = YES;
				CLANG_WARN_ENUM_CONVERSION = YES;
				CLANG_WARN_INFINITE_RECURSION = YES;
				CLANG_WARN_INT_CONVERSION = YES;
				CLANG_WARN_NON_LITERAL_NULL_CONVERSION = YES;
				CLANG_WARN_OBJC_LITERAL_CONVERSION = YES;
				CLANG_WARN_OBJC_ROOT_CLASS = YES_ERROR;
				CLANG_WARN_RANGE_LOOP_ANALYSIS = YES;
				CLANG_WARN_STRICT_PROTOTYPES = YES;
				CLANG_WARN_SUSPICIOUS_MOVE = YES;
				CLANG_WARN_UNGUARDED_AVAILABILITY = YES_AGGRESSIVE;
				CLANG_WARN_UNREACHABLE_CODE = YES;
				CLANG_WARN__DUPLICATE_METHOD_MATCH = YES;
				CODE_SIGN_IDENTITY = "iPhone Developer";
				COPY_PHASE_STRIP = NO;
				DEBUG_INFORMATION_FORMAT = dwarf;
				ENABLE_STRICT_OBJC_MSGSEND = YES;
				ENABLE_TESTABILITY = YES;
				GCC_C_LANGUAGE_STANDARD = gnu11;
				GCC_DYNAMIC_NO_PIC = NO;
				GCC_NO_COMMON_BLOCKS = YES;
				GCC_OPTIMIZATION_LEVEL = 0;
				GCC_PREPROCESSOR_DEFINITIONS = (
					"DEBUG=1",
					"$(inherited)",
				);
				GCC_WARN_64_TO_32_BIT_CONVERSION = YES;
				GCC_WARN_ABOUT_RETURN_TYPE = YES_ERROR;
				GCC_WARN_UNDECLARED_SELECTOR = YES;
				GCC_WARN_UNINITIALIZED_AUTOS = YES_AGGRESSIVE;
				GCC_WARN_UNUSED_FUNCTION = YES;
				GCC_WARN_UNUSED_VARIABLE = YES;
				IPHONEOS_DEPLOYMENT_TARGET = 11.2;
				MTL_ENABLE_DEBUG_INFO = YES;
				ONLY_ACTIVE_ARCH = YES;
				SDKROOT = iphoneos;
				SWIFT_ACTIVE_COMPILATION_CONDITIONS = DEBUG;
				SWIFT_OPTIMIZATION_LEVEL = "-Onone";
			};
			name = Debug;
		};
		B56580F22082EDF50062B7DB /* Release */ = {
			isa = XCBuildConfiguration;
			buildSettings = {
				ALWAYS_SEARCH_USER_PATHS = NO;
				CLANG_ANALYZER_NONNULL = YES;
				CLANG_ANALYZER_NUMBER_OBJECT_CONVERSION = YES_AGGRESSIVE;
				CLANG_CXX_LANGUAGE_STANDARD = "gnu++14";
				CLANG_CXX_LIBRARY = "libc++";
				CLANG_ENABLE_MODULES = YES;
				CLANG_ENABLE_OBJC_ARC = YES;
				CLANG_WARN_BLOCK_CAPTURE_AUTORELEASING = YES;
				CLANG_WARN_BOOL_CONVERSION = YES;
				CLANG_WARN_COMMA = YES;
				CLANG_WARN_CONSTANT_CONVERSION = YES;
				CLANG_WARN_DIRECT_OBJC_ISA_USAGE = YES_ERROR;
				CLANG_WARN_DOCUMENTATION_COMMENTS = YES;
				CLANG_WARN_EMPTY_BODY = YES;
				CLANG_WARN_ENUM_CONVERSION = YES;
				CLANG_WARN_INFINITE_RECURSION = YES;
				CLANG_WARN_INT_CONVERSION = YES;
				CLANG_WARN_NON_LITERAL_NULL_CONVERSION = YES;
				CLANG_WARN_OBJC_LITERAL_CONVERSION = YES;
				CLANG_WARN_OBJC_ROOT_CLASS = YES_ERROR;
				CLANG_WARN_RANGE_LOOP_ANALYSIS = YES;
				CLANG_WARN_STRICT_PROTOTYPES = YES;
				CLANG_WARN_SUSPICIOUS_MOVE = YES;
				CLANG_WARN_UNGUARDED_AVAILABILITY = YES_AGGRESSIVE;
				CLANG_WARN_UNREACHABLE_CODE = YES;
				CLANG_WARN__DUPLICATE_METHOD_MATCH = YES;
				CODE_SIGN_IDENTITY = "iPhone Developer";
				COPY_PHASE_STRIP = NO;
				DEBUG_INFORMATION_FORMAT = "dwarf-with-dsym";
				ENABLE_NS_ASSERTIONS = NO;
				ENABLE_STRICT_OBJC_MSGSEND = YES;
				GCC_C_LANGUAGE_STANDARD = gnu11;
				GCC_NO_COMMON_BLOCKS = YES;
				GCC_WARN_64_TO_32_BIT_CONVERSION = YES;
				GCC_WARN_ABOUT_RETURN_TYPE = YES_ERROR;
				GCC_WARN_UNDECLARED_SELECTOR = YES;
				GCC_WARN_UNINITIALIZED_AUTOS = YES_AGGRESSIVE;
				GCC_WARN_UNUSED_FUNCTION = YES;
				GCC_WARN_UNUSED_VARIABLE = YES;
				IPHONEOS_DEPLOYMENT_TARGET = 11.2;
				MTL_ENABLE_DEBUG_INFO = NO;
				SDKROOT = iphoneos;
				SWIFT_OPTIMIZATION_LEVEL = "-Owholemodule";
				VALIDATE_PRODUCT = YES;
			};
			name = Release;
		};
		B56580F42082EDF50062B7DB /* Debug */ = {
			isa = XCBuildConfiguration;
			buildSettings = {
				ASSETCATALOG_COMPILER_APPICON_NAME = AppIcon;
				CODE_SIGN_STYLE = Automatic;
				DEVELOPMENT_TEAM = 244D32V2TZ;
				INFOPLIST_FILE = testMap/Info.plist;
				LD_RUNPATH_SEARCH_PATHS = "$(inherited) @executable_path/Frameworks";
				PRODUCT_BUNDLE_IDENTIFIER = com.yafangcheng.testMap;
				PRODUCT_NAME = "$(TARGET_NAME)";
				SWIFT_VERSION = 4.0;
				TARGETED_DEVICE_FAMILY = "1,2";
			};
			name = Debug;
		};
		B56580F52082EDF50062B7DB /* Release */ = {
			isa = XCBuildConfiguration;
			buildSettings = {
				ASSETCATALOG_COMPILER_APPICON_NAME = AppIcon;
				CODE_SIGN_STYLE = Automatic;
				DEVELOPMENT_TEAM = 244D32V2TZ;
				INFOPLIST_FILE = testMap/Info.plist;
				LD_RUNPATH_SEARCH_PATHS = "$(inherited) @executable_path/Frameworks";
				PRODUCT_BUNDLE_IDENTIFIER = com.yafangcheng.testMap;
				PRODUCT_NAME = "$(TARGET_NAME)";
				SWIFT_VERSION = 4.0;
				TARGETED_DEVICE_FAMILY = "1,2";
			};
			name = Release;
		};
/* End XCBuildConfiguration section */

/* Begin XCConfigurationList section */
		B56580DC2082EDF40062B7DB /* Build configuration list for PBXProject "testMap" */ = {
			isa = XCConfigurationList;
			buildConfigurations = (
				B56580F12082EDF50062B7DB /* Debug */,
				B56580F22082EDF50062B7DB /* Release */,
			);
			defaultConfigurationIsVisible = 0;
			defaultConfigurationName = Release;
		};
		B56580F32082EDF50062B7DB /* Build configuration list for PBXNativeTarget "testMap" */ = {
			isa = XCConfigurationList;
			buildConfigurations = (
				B56580F42082EDF50062B7DB /* Debug */,
				B56580F52082EDF50062B7DB /* Release */,
			);
			defaultConfigurationIsVisible = 0;
			defaultConfigurationName = Release;
		};
/* End XCConfigurationList section */
	};
	rootObject = B56580D92082EDF40062B7DB /* Project object */;
}
